
Microsoft Visual Studio Solution File, Format Version 12.00
# Visual Studio Version 17
VisualStudioVersion = 17.5.33530.505
MinimumVisualStudioVersion = 10.0.40219.1
Project("{FAE04EC0-301F-11D3-BF4B-00C04F79EFBC}") = "QLBanSach", "QLBanSach\QLBanSach.csproj", "{41EB4D6A-6B7F-48EC-981C-02510F48B404}"
EndProject
Global
	GlobalSection(SolutionConfigurationPlatforms) = preSolution
		Debug|Any CPU = Debug|Any CPU
		Release|Any CPU = Release|Any CPU
	EndGlobalSection
	GlobalSection(ProjectConfigurationPlatforms) = postSolution
		{41EB4D6A-6B7F-48EC-981C-02510F48B404}.Debug|Any CPU.ActiveCfg = Debug|Any CPU
		{41EB4D6A-6B7F-48EC-981C-02510F48B404}.Debug|Any CPU.Build.0 = Debug|Any CPU
		{41EB4D6A-6B7F-48EC-981C-02510F48B404}.Release|Any CPU.ActiveCfg = Release|Any CPU
		{41EB4D6A-6B7F-48EC-981C-02510F48B404}.Release|Any CPU.Build.0 = Release|Any CPU
	EndGlobalSection
	GlobalSection(SolutionProperties) = preSolution
		HideSolutionNode = FALSE
	EndGlobalSection
	GlobalSection(ExtensibilityGlobals) = postSolution
		SolutionGuid = {75B414C1-8237-4CF2-B12C-224951A14391}
	EndGlobalSection
EndGlobal
